
Microsoft Visual Studio Solution File, Format Version 12.00
# Visual Studio Version 16
VisualStudioVersion = 16.0.29215.179
MinimumVisualStudioVersion = 10.0.40219.1
Project("{FAE04EC0-301F-11D3-BF4B-00C04F79EFBC}") = "Server", "Server\Server.csproj", "{6278B1C1-ECEF-4977-9EBF-65750BAA7A5C}"
EndProject
Project("{FAE04EC0-301F-11D3-BF4B-00C04F79EFBC}") = "Doctor", "Doctor\Doctor.csproj", "{8CBCA9B9-EAB0-4672-B286-7F8D8397CF60}"
EndProject
Project("{FAE04EC0-301F-11D3-BF4B-00C04F79EFBC}") = "Client", "Client\Client.csproj", "{EF0F4639-9A27-42D9-A6DD-ED583025E368}"
EndProject
Global
	GlobalSection(SolutionConfigurationPlatforms) = preSolution
		Debug|Any CPU = Debug|Any CPU
		Release|Any CPU = Release|Any CPU
	EndGlobalSection
	GlobalSection(ProjectConfigurationPlatforms) = postSolution
		{6278B1C1-ECEF-4977-9EBF-65750BAA7A5C}.Debug|Any CPU.ActiveCfg = Debug|Any CPU
		{6278B1C1-ECEF-4977-9EBF-65750BAA7A5C}.Debug|Any CPU.Build.0 = Debug|Any CPU
		{6278B1C1-ECEF-4977-9EBF-65750BAA7A5C}.Release|Any CPU.ActiveCfg = Release|Any CPU
		{6278B1C1-ECEF-4977-9EBF-65750BAA7A5C}.Release|Any CPU.Build.0 = Release|Any CPU
		{8CBCA9B9-EAB0-4672-B286-7F8D8397CF60}.Debug|Any CPU.ActiveCfg = Debug|Any CPU
		{8CBCA9B9-EAB0-4672-B286-7F8D8397CF60}.Debug|Any CPU.Build.0 = Debug|Any CPU
		{8CBCA9B9-EAB0-4672-B286-7F8D8397CF60}.Release|Any CPU.ActiveCfg = Release|Any CPU
		{8CBCA9B9-EAB0-4672-B286-7F8D8397CF60}.Release|Any CPU.Build.0 = Release|Any CPU
		{EF0F4639-9A27-42D9-A6DD-ED583025E368}.Debug|Any CPU.ActiveCfg = Debug|Any CPU
		{EF0F4639-9A27-42D9-A6DD-ED583025E368}.Debug|Any CPU.Build.0 = Debug|Any CPU
		{EF0F4639-9A27-42D9-A6DD-ED583025E368}.Release|Any CPU.ActiveCfg = Release|Any CPU
		{EF0F4639-9A27-42D9-A6DD-ED583025E368}.Release|Any CPU.Build.0 = Release|Any CPU
	EndGlobalSection
	GlobalSection(SolutionProperties) = preSolution
		HideSolutionNode = FALSE
	EndGlobalSection
	GlobalSection(ExtensibilityGlobals) = postSolution
		SolutionGuid = {DA82554E-AABE-4A86-9BEA-9FCDD300FB2A}
	EndGlobalSection
EndGlobal
